lockfileVersion: '9.0'

settings:
  autoInstallPeers: true
  excludeLinksFromLockfile: false

importers:

  .:
    devDependencies:
      fuse.js:
        specifier: ^7.1.0
        version: 7.4.2

packages:

  fuse.js@7.4.2:
    resolution: {integrity: sha512-LVbzjD4WA6UP5B1UnP8wuaXJiLnqMdM/E4fiJXTJ5haJ5b/MBNsK29h2fm6swEoQaVQjvYFWKLE2RanyZIoRVQ==}
    engines: {node: '>=10'}

snapshots:

  fuse.js@7.4.2: {}
